// !$*UTF8*$!
{
	archiveVersion = 1;
	classes = {
	};
	objectVersion = 46;
	objects = {

/* Begin PBXBuildFile section */
		2233FEBE16E6DDCC005FE86A /* SARecordViewController.m in Sources */ = {isa = PBXBuildFile; fileRef = 2233FEBC16E6DDCC005FE86A /* SARecordViewController.m */; };
		2233FEBF16E6DDCC005FE86A /* SARecordViewController.xib in Resources */ = {isa = PBXBuildFile; fileRef = 2233FEBD16E6DDCC005FE86A /* SARecordViewController.xib */; };
		2258B3A016E5994A00AB3DB4 /* UIKit.framework in Frameworks */ = {isa = PBXBuildFile; fileRef = 2258B39F16E5994A00AB3DB4 /* UIKit.framework */; };
		2258B3A216E5994A00AB3DB4 /* Foundation.framework in Frameworks */ = {isa = PBXBuildFile; fileRef = 2258B3A116E5994A00AB3DB4 /* Foundation.framework */; };
		2258B3A416E5994A00AB3DB4 /* CoreGraphics.framework in Frameworks */ = {isa = PBXBuildFile; fileRef = 2258B3A316E5994A00AB3DB4 /* CoreGraphics.framework */; };
		2258B3AA16E5994A00AB3DB4 /* InfoPlist.strings in Resources */ = {isa = PBXBuildFile; fileRef = 2258B3A816E5994A00AB3DB4 /* InfoPlist.strings */; };
		2258B3AC16E5994A00AB3DB4 /* main.m in Sources */ = {isa = PBXBuildFile; fileRef = 2258B3AB16E5994A00AB3DB4 /* main.m */; };
		2258B3B016E5994A00AB3DB4 /* SAAppDelegate.m in Sources */ = {isa = PBXBuildFile; fileRef = 2258B3AF16E5994A00AB3DB4 /* SAAppDelegate.m */; };
		2258B3B216E5994A00AB3DB4 /* Default.png in Resources */ = {isa = PBXBuildFile; fileRef = 2258B3B116E5994A00AB3DB4 /* Default.png */; };
		2258B3B416E5994A00AB3DB4 /* Default@2x.png in Resources */ = {isa = PBXBuildFile; fileRef = 2258B3B316E5994A00AB3DB4 /* Default@2x.png */; };
		2258B3B616E5994A00AB3DB4 /* Default-568h@2x.png in Resources */ = {isa = PBXBuildFile; fileRef = 2258B3B516E5994A00AB3DB4 /* Default-568h@2x.png */; };
		2258B3C516E59A0D00AB3DB4 /* SAMenuViewController.m in Sources */ = {isa = PBXBuildFile; fileRef = 2258B3C316E59A0D00AB3DB4 /* SAMenuViewController.m */; };
		2258B3CA16E59D8C00AB3DB4 /* SARootMenuViewController.m in Sources */ = {isa = PBXBuildFile; fileRef = 2258B3C916E59D8C00AB3DB4 /* SARootMenuViewController.m */; };
		2258B3CE16E59DCE00AB3DB4 /* SAMenuView.m in Sources */ = {isa = PBXBuildFile; fileRef = 2258B3CD16E59DCE00AB3DB4 /* SAMenuView.m */; };
		2258B3D316E59F7C00AB3DB4 /* SAHomeViewController.m in Sources */ = {isa = PBXBuildFile; fileRef = 2258B3D116E59F7C00AB3DB4 /* SAHomeViewController.m */; };
		2258B3D416E59F7C00AB3DB4 /* SAHomeViewController.xib in Resources */ = {isa = PBXBuildFile; fileRef = 2258B3D216E59F7C00AB3DB4 /* SAHomeViewController.xib */; };
		2258B3D816E5A28200AB3DB4 /* SADropdownView.m in Sources */ = {isa = PBXBuildFile; fileRef = 2258B3D716E5A28200AB3DB4 /* SADropdownView.m */; };
		2258B3DC16E5A33A00AB3DB4 /* SADropdownItem.m in Sources */ = {isa = PBXBuildFile; fileRef = 2258B3DB16E5A33A00AB3DB4 /* SADropdownItem.m */; };
		2258B3E116E5AF3300AB3DB4 /* UIColor+SAHelpers.m in Sources */ = {isa = PBXBuildFile; fileRef = 2258B3E016E5AF3300AB3DB4 /* UIColor+SAHelpers.m */; };
		2258B3E416E5B0E200AB3DB4 /* dropdown_item_bg.png in Resources */ = {isa = PBXBuildFile; fileRef = 2258B3E216E5B0E200AB3DB4 /* dropdown_item_bg.png */; };
		2258B3E516E5B0E200AB3DB4 /* dropdown_item_bg@2x.png in Resources */ = {isa = PBXBuildFile; fileRef = 2258B3E316E5B0E200AB3DB4 /* dropdown_item_bg@2x.png */; };
		2258B3EE16E5B4D700AB3DB4 /* SAExploreViewController.m in Sources */ = {isa = PBXBuildFile; fileRef = 2258B3EC16E5B4D700AB3DB4 /* SAExploreViewController.m */; };
		2258B3EF16E5B4D700AB3DB4 /* SAExploreViewController.xib in Resources */ = {isa = PBXBuildFile; fileRef = 2258B3ED16E5B4D700AB3DB4 /* SAExploreViewController.xib */; };
		2258B3F316E5B4E100AB3DB4 /* SAActivityViewController.m in Sources */ = {isa = PBXBuildFile; fileRef = 2258B3F116E5B4E100AB3DB4 /* SAActivityViewController.m */; };
		2258B3F416E5B4E100AB3DB4 /* SAActivityViewController.xib in Resources */ = {isa = PBXBuildFile; fileRef = 2258B3F216E5B4E100AB3DB4 /* SAActivityViewController.xib */; };
		2258B3F816E5B4E800AB3DB4 /* SAProfileViewController.m in Sources */ = {isa = PBXBuildFile; fileRef = 2258B3F616E5B4E800AB3DB4 /* SAProfileViewController.m */; };
		2258B3F916E5B4E800AB3DB4 /* SAProfileViewController.xib in Resources */ = {isa = PBXBuildFile; fileRef = 2258B3F716E5B4E800AB3DB4 /* SAProfileViewController.xib */; };
		2258B3FD16E5BA0000AB3DB4 /* naviagtion_bar_bg.png in Resources */ = {isa = PBXBuildFile; fileRef = 2258B3FB16E5BA0000AB3DB4 /* naviagtion_bar_bg.png */; };
		2258B3FE16E5BA0000AB3DB4 /* navigation_bar_bg@2x.png in Resources */ = {isa = PBXBuildFile; fileRef = 2258B3FC16E5BA0000AB3DB4 /* navigation_bar_bg@2x.png */; };
/* End PBXBuildFile section */

/* Begin PBXFileReference section */
		2233FEBB16E6DDCC005FE86A /* SARecordViewController.h */ = {isa = PBXFileReference; fileEncoding = 4; lastKnownFileType = sourcecode.c.h; path = SARecordViewController.h; sourceTree = "<group>"; };
		2233FEBC16E6DDCC005FE86A /* SARecordViewController.m */ = {isa = PBXFileReference; fileEncoding = 4; lastKnownFileType = sourcecode.c.objc; path = SARecordViewController.m; sourceTree = "<group>"; };
		2233FEBD16E6DDCC005FE86A /* SARecordViewController.xib */ = {isa = PBXFileReference; fileEncoding = 4; lastKnownFileType = file.xib; path = SARecordViewController.xib; sourceTree = "<group>"; };
		2258B39C16E5994A00AB3DB4 /* Shrub.app */ = {isa = PBXFileReference; explicitFileType = wrapper.application; includeInIndex = 0; path = Shrub.app; sourceTree = BUILT_PRODUCTS_DIR; };
		2258B39F16E5994A00AB3DB4 /* UIKit.framework */ = {isa = PBXFileReference; lastKnownFileType = wrapper.framework; name = UIKit.framework; path = System/Library/Frameworks/UIKit.framework; sourceTree = SDKROOT; };
		2258B3A116E5994A00AB3DB4 /* Foundation.framework */ = {isa = PBXFileReference; lastKnownFileType = wrapper.framework; name = Foundation.framework; path = System/Library/Frameworks/Foundation.framework; sourceTree = SDKROOT; };
		2258B3A316E5994A00AB3DB4 /* CoreGraphics.framework */ = {isa = PBXFileReference; lastKnownFileType = wrapper.framework; name = CoreGraphics.framework; path = System/Library/Frameworks/CoreGraphics.framework; sourceTree = SDKROOT; };
		2258B3A716E5994A00AB3DB4 /* Shrub-Info.plist */ = {isa = PBXFileReference; lastKnownFileType = text.plist.xml; path = "Shrub-Info.plist"; sourceTree = "<group>"; };
		2258B3A916E5994A00AB3DB4 /* en */ = {isa = PBXFileReference; lastKnownFileType = text.plist.strings; name = en; path = en.lproj/InfoPlist.strings; sourceTree = "<group>"; };
		2258B3AB16E5994A00AB3DB4 /* main.m */ = {isa = PBXFileReference; lastKnownFileType = sourcecode.c.objc; path = main.m; sourceTree = "<group>"; };
		2258B3AD16E5994A00AB3DB4 /* Shrub-Prefix.pch */ = {isa = PBXFileReference; lastKnownFileType = sourcecode.c.h; path = "Shrub-Prefix.pch"; sourceTree = "<group>"; };
		2258B3AE16E5994A00AB3DB4 /* SAAppDelegate.h */ = {isa = PBXFileReference; lastKnownFileType = sourcecode.c.h; path = SAAppDelegate.h; sourceTree = "<group>"; };
		2258B3AF16E5994A00AB3DB4 /* SAAppDelegate.m */ = {isa = PBXFileReference; lastKnownFileType = sourcecode.c.objc; path = SAAppDelegate.m; sourceTree = "<group>"; };
		2258B3B116E5994A00AB3DB4 /* Default.png */ = {isa = PBXFileReference; lastKnownFileType = image.png; path = Default.png; sourceTree = "<group>"; };
		2258B3B316E5994A00AB3DB4 /* Default@2x.png */ = {isa = PBXFileReference; lastKnownFileType = image.png; path = "Default@2x.png"; sourceTree = "<group>"; };
		2258B3B516E5994A00AB3DB4 /* Default-568h@2x.png */ = {isa = PBXFileReference; lastKnownFileType = image.png; path = "Default-568h@2x.png"; sourceTree = "<group>"; };
		2258B3C216E59A0D00AB3DB4 /* SAMenuViewController.h */ = {isa = PBXFileReference; fileEncoding = 4; lastKnownFileType = sourcecode.c.h; path = SAMenuViewController.h; sourceTree = "<group>"; };
		2258B3C316E59A0D00AB3DB4 /* SAMenuViewController.m */ = {isa = PBXFileReference; fileEncoding = 4; lastKnownFileType = sourcecode.c.objc; path = SAMenuViewController.m; sourceTree = "<group>"; };
		2258B3C816E59D8C00AB3DB4 /* SARootMenuViewController.h */ = {isa = PBXFileReference; fileEncoding = 4; lastKnownFileType = sourcecode.c.h; path = SARootMenuViewController.h; sourceTree = "<group>"; };
		2258B3C916E59D8C00AB3DB4 /* SARootMenuViewController.m */ = {isa = PBXFileReference; fileEncoding = 4; lastKnownFileType = sourcecode.c.objc; path = SARootMenuViewController.m; sourceTree = "<group>"; };
		2258B3CC16E59DCE00AB3DB4 /* SAMenuView.h */ = {isa = PBXFileReference; fileEncoding = 4; lastKnownFileType = sourcecode.c.h; path = SAMenuView.h; sourceTree = "<group>"; };
		2258B3CD16E59DCE00AB3DB4 /* SAMenuView.m */ = {isa = PBXFileReference; fileEncoding = 4; lastKnownFileType = sourcecode.c.objc; path = SAMenuView.m; sourceTree = "<group>"; };
		2258B3D016E59F7C00AB3DB4 /* SAHomeViewController.h */ = {isa = PBXFileReference; fileEncoding = 4; lastKnownFileType = sourcecode.c.h; path = SAHomeViewController.h; sourceTree = "<group>"; };
		2258B3D116E59F7C00AB3DB4 /* SAHomeViewController.m */ = {isa = PBXFileReference; fileEncoding = 4; lastKnownFileType = sourcecode.c.objc; path = SAHomeViewController.m; sourceTree = "<group>"; };
		2258B3D216E59F7C00AB3DB4 /* SAHomeViewController.xib */ = {isa = PBXFileReference; fileEncoding = 4; lastKnownFileType = file.xib; path = SAHomeViewController.xib; sourceTree = "<group>"; };
		2258B3D616E5A28200AB3DB4 /* SADropdownView.h */ = {isa = PBXFileReference; fileEncoding = 4; lastKnownFileType = sourcecode.c.h; path = SADropdownView.h; sourceTree = "<group>"; };
		2258B3D716E5A28200AB3DB4 /* SADropdownView.m */ = {isa = PBXFileReference; fileEncoding = 4; lastKnownFileType = sourcecode.c.objc; path = SADropdownView.m; sourceTree = "<group>"; };
		2258B3DA16E5A33A00AB3DB4 /* SADropdownItem.h */ = {isa = PBXFileReference; fileEncoding = 4; lastKnownFileType = sourcecode.c.h; path = SADropdownItem.h; sourceTree = "<group>"; };
		2258B3DB16E5A33A00AB3DB4 /* SADropdownItem.m */ = {isa = PBXFileReference; fileEncoding = 4; lastKnownFileType = sourcecode.c.objc; path = SADropdownItem.m; sourceTree = "<group>"; };
		2258B3DF16E5AF3300AB3DB4 /* UIColor+SAHelpers.h */ = {isa = PBXFileReference; fileEncoding = 4; lastKnownFileType = sourcecode.c.h; path = "UIColor+SAHelpers.h"; sourceTree = "<group>"; };
		2258B3E016E5AF3300AB3DB4 /* UIColor+SAHelpers.m */ = {isa = PBXFileReference; fileEncoding = 4; lastKnownFileType = sourcecode.c.objc; path = "UIColor+SAHelpers.m"; sourceTree = "<group>"; };
		2258B3E216E5B0E200AB3DB4 /* dropdown_item_bg.png */ = {isa = PBXFileReference; lastKnownFileType = image.png; path = dropdown_item_bg.png; sourceTree = "<group>"; };
		2258B3E316E5B0E200AB3DB4 /* dropdown_item_bg@2x.png */ = {isa = PBXFileReference; lastKnownFileType = image.png; path = "dropdown_item_bg@2x.png"; sourceTree = "<group>"; };
		2258B3EB16E5B4D700AB3DB4 /* SAExploreViewController.h */ = {isa = PBXFileReference; fileEncoding = 4; lastKnownFileType = sourcecode.c.h; path = SAExploreViewController.h; sourceTree = "<group>"; };
		2258B3EC16E5B4D700AB3DB4 /* SAExploreViewController.m */ = {isa = PBXFileReference; fileEncoding = 4; lastKnownFileType = sourcecode.c.objc; path = SAExploreViewController.m; sourceTree = "<group>"; };
		2258B3ED16E5B4D700AB3DB4 /* SAExploreViewController.xib */ = {isa = PBXFileReference; fileEncoding = 4; lastKnownFileType = file.xib; path = SAExploreViewController.xib; sourceTree = "<group>"; };
		2258B3F016E5B4E100AB3DB4 /* SAActivityViewController.h */ = {isa = PBXFileReference; fileEncoding = 4; lastKnownFileType = sourcecode.c.h; path = SAActivityViewController.h; sourceTree = "<group>"; };
		2258B3F116E5B4E100AB3DB4 /* SAActivityViewController.m */ = {isa = PBXFileReference; fileEncoding = 4; lastKnownFileType = sourcecode.c.objc; path = SAActivityViewController.m; sourceTree = "<group>"; };
		2258B3F216E5B4E100AB3DB4 /* SAActivityViewController.xib */ = {isa = PBXFileReference; fileEncoding = 4; lastKnownFileType = file.xib; path = SAActivityViewController.xib; sourceTree = "<group>"; };
		2258B3F516E5B4E800AB3DB4 /* SAProfileViewController.h */ = {isa = PBXFileReference; fileEncoding = 4; lastKnownFileType = sourcecode.c.h; path = SAProfileViewController.h; sourceTree = "<group>"; };
		2258B3F616E5B4E800AB3DB4 /* SAProfileViewController.m */ = {isa = PBXFileReference; fileEncoding = 4; lastKnownFileType = sourcecode.c.objc; path = SAProfileViewController.m; sourceTree = "<group>"; };
		2258B3F716E5B4E800AB3DB4 /* SAProfileViewController.xib */ = {isa = PBXFileReference; fileEncoding = 4; lastKnownFileType = file.xib; path = SAProfileViewController.xib; sourceTree = "<group>"; };
		2258B3FB16E5BA0000AB3DB4 /* naviagtion_bar_bg.png */ = {isa = PBXFileReference; lastKnownFileType = image.png; path = naviagtion_bar_bg.png; sourceTree = "<group>"; };
		2258B3FC16E5BA0000AB3DB4 /* navigation_bar_bg@2x.png */ = {isa = PBXFileReference; lastKnownFileType = image.png; path = "navigation_bar_bg@2x.png"; sourceTree = "<group>"; };
/* End PBXFileReference section */

/* Begin PBXFrameworksBuildPhase section */
		2258B39916E5994A00AB3DB4 /* Frameworks */ = {
			isa = PBXFrameworksBuildPhase;
			buildActionMask = 2147483647;
			files = (
				2258B3A016E5994A00AB3DB4 /* UIKit.framework in Frameworks */,
				2258B3A216E5994A00AB3DB4 /* Foundation.framework in Frameworks */,
				2258B3A416E5994A00AB3DB4 /* CoreGraphics.framework in Frameworks */,
			);
			runOnlyForDeploymentPostprocessing = 0;
		};
/* End PBXFrameworksBuildPhase section */

/* Begin PBXGroup section */
		2233FEBA16E6DDBA005FE86A /* SARecordViewController */ = {
			isa = PBXGroup;
			children = (
				2233FEBB16E6DDCC005FE86A /* SARecordViewController.h */,
				2233FEBC16E6DDCC005FE86A /* SARecordViewController.m */,
				2233FEBD16E6DDCC005FE86A /* SARecordViewController.xib */,
			);
			name = SARecordViewController;
			sourceTree = "<group>";
		};
		2258B39316E5994A00AB3DB4 = {
			isa = PBXGroup;
			children = (
				2258B3A516E5994A00AB3DB4 /* Shrub */,
				2258B39E16E5994A00AB3DB4 /* Frameworks */,
				2258B39D16E5994A00AB3DB4 /* Products */,
			);
			sourceTree = "<group>";
		};
		2258B39D16E5994A00AB3DB4 /* Products */ = {
			isa = PBXGroup;
			children = (
				2258B39C16E5994A00AB3DB4 /* Shrub.app */,
			);
			name = Products;
			sourceTree = "<group>";
		};
		2258B39E16E5994A00AB3DB4 /* Frameworks */ = {
			isa = PBXGroup;
			children = (
				2258B39F16E5994A00AB3DB4 /* UIKit.framework */,
				2258B3A116E5994A00AB3DB4 /* Foundation.framework */,
				2258B3A316E5994A00AB3DB4 /* CoreGraphics.framework */,
			);
			name = Frameworks;
			sourceTree = "<group>";
		};
		2258B3A516E5994A00AB3DB4 /* Shrub */ = {
			isa = PBXGroup;
			children = (
				2233FEBA16E6DDBA005FE86A /* SARecordViewController */,
				2258B3CF16E59F6800AB3DB4 /* SAHomeViewController */,
				2258B3EA16E5B4BB00AB3DB4 /* SAProfileViewController */,
				2258B3E916E5B4B200AB3DB4 /* SAActivityViewController */,
				2258B3E816E5B4AA00AB3DB4 /* SAExploreViewController */,
				2258B3E616E5B0F200AB3DB4 /* assets */,
				2258B3DD16E5AF1D00AB3DB4 /* Helpers */,
				2258B3C716E59D6F00AB3DB4 /* SARootMenuViewController */,
				2258B3BD16E599BF00AB3DB4 /* SAMenuViewController */,
				2258B3BC16E5995200AB3DB4 /* SAAppDelegate */,
				2258B3A616E5994A00AB3DB4 /* Supporting Files */,
			);
			path = Shrub;
			sourceTree = "<group>";
		};
		2258B3A616E5994A00AB3DB4 /* Supporting Files */ = {
			isa = PBXGroup;
			children = (
				2258B3A716E5994A00AB3DB4 /* Shrub-Info.plist */,
				2258B3A816E5994A00AB3DB4 /* InfoPlist.strings */,
				2258B3AB16E5994A00AB3DB4 /* main.m */,
				2258B3AD16E5994A00AB3DB4 /* Shrub-Prefix.pch */,
				2258B3B116E5994A00AB3DB4 /* Default.png */,
				2258B3B316E5994A00AB3DB4 /* Default@2x.png */,
				2258B3B516E5994A00AB3DB4 /* Default-568h@2x.png */,
			);
			name = "Supporting Files";
			sourceTree = "<group>";
		};
		2258B3BC16E5995200AB3DB4 /* SAAppDelegate */ = {
			isa = PBXGroup;
			children = (
				2258B3AE16E5994A00AB3DB4 /* SAAppDelegate.h */,
				2258B3AF16E5994A00AB3DB4 /* SAAppDelegate.m */,
			);
			name = SAAppDelegate;
			sourceTree = "<group>";
		};
		2258B3BD16E599BF00AB3DB4 /* SAMenuViewController */ = {
			isa = PBXGroup;
			children = (
				2258B3D516E5A26600AB3DB4 /* SADropdownView */,
				2258B3CB16E59DC000AB3DB4 /* SAMenuView */,
				2258B3C216E59A0D00AB3DB4 /* SAMenuViewController.h */,
				2258B3C316E59A0D00AB3DB4 /* SAMenuViewController.m */,
			);
			name = SAMenuViewController;
			sourceTree = "<group>";
		};
		2258B3C716E59D6F00AB3DB4 /* SARootMenuViewController */ = {
			isa = PBXGroup;
			children = (
				2258B3C816E59D8C00AB3DB4 /* SARootMenuViewController.h */,
				2258B3C916E59D8C00AB3DB4 /* SARootMenuViewController.m */,
			);
			name = SARootMenuViewController;
			sourceTree = "<group>";
		};
		2258B3CB16E59DC000AB3DB4 /* SAMenuView */ = {
			isa = PBXGroup;
			children = (
				2258B3CC16E59DCE00AB3DB4 /* SAMenuView.h */,
				2258B3CD16E59DCE00AB3DB4 /* SAMenuView.m */,
			);
			name = SAMenuView;
			sourceTree = "<group>";
		};
		2258B3CF16E59F6800AB3DB4 /* SAHomeViewController */ = {
			isa = PBXGroup;
			children = (
				2258B3D016E59F7C00AB3DB4 /* SAHomeViewController.h */,
				2258B3D116E59F7C00AB3DB4 /* SAHomeViewController.m */,
				2258B3D216E59F7C00AB3DB4 /* SAHomeViewController.xib */,
			);
			name = SAHomeViewController;
			sourceTree = "<group>";
		};
		2258B3D516E5A26600AB3DB4 /* SADropdownView */ = {
			isa = PBXGroup;
			children = (
				2258B3D916E5A31D00AB3DB4 /* SADropdownItem */,
				2258B3D616E5A28200AB3DB4 /* SADropdownView.h */,
				2258B3D716E5A28200AB3DB4 /* SADropdownView.m */,
			);
			name = SADropdownView;
			sourceTree = "<group>";
		};
		2258B3D916E5A31D00AB3DB4 /* SADropdownItem */ = {
			isa = PBXGroup;
			children = (
				2258B3DA16E5A33A00AB3DB4 /* SADropdownItem.h */,
				2258B3DB16E5A33A00AB3DB4 /* SADropdownItem.m */,
			);
			name = SADropdownItem;
			sourceTree = "<group>";
		};
		2258B3DD16E5AF1D00AB3DB4 /* Helpers */ = {
			isa = PBXGroup;
			children = (
				2258B3DE16E5AF2200AB3DB4 /* UIColor */,
			);
			name = Helpers;
			sourceTree = "<group>";
		};
		2258B3DE16E5AF2200AB3DB4 /* UIColor */ = {
			isa = PBXGroup;
			children = (
				2258B3DF16E5AF3300AB3DB4 /* UIColor+SAHelpers.h */,
				2258B3E016E5AF3300AB3DB4 /* UIColor+SAHelpers.m */,
			);
			name = UIColor;
			sourceTree = "<group>";
		};
		2258B3E616E5B0F200AB3DB4 /* assets */ = {
			isa = PBXGroup;
			children = (
				2258B3FA16E5B9F400AB3DB4 /* backgrounds */,
				2258B3E716E5B0F600AB3DB4 /* buttons */,
			);
			name = assets;
			sourceTree = "<group>";
		};
		2258B3E716E5B0F600AB3DB4 /* buttons */ = {
			isa = PBXGroup;
			children = (
				2258B3E216E5B0E200AB3DB4 /* dropdown_item_bg.png */,
				2258B3E316E5B0E200AB3DB4 /* dropdown_item_bg@2x.png */,
			);
			name = buttons;
			sourceTree = "<group>";
		};
		2258B3E816E5B4AA00AB3DB4 /* SAExploreViewController */ = {
			isa = PBXGroup;
			children = (
				2258B3EB16E5B4D700AB3DB4 /* SAExploreViewController.h */,
				2258B3EC16E5B4D700AB3DB4 /* SAExploreViewController.m */,
				2258B3ED16E5B4D700AB3DB4 /* SAExploreViewController.xib */,
			);
			name = SAExploreViewController;
			sourceTree = "<group>";
		};
		2258B3E916E5B4B200AB3DB4 /* SAActivityViewController */ = {
			isa = PBXGroup;
			children = (
				2258B3F016E5B4E100AB3DB4 /* SAActivityViewController.h */,
				2258B3F116E5B4E100AB3DB4 /* SAActivityViewController.m */,
				2258B3F216E5B4E100AB3DB4 /* SAActivityViewController.xib */,
			);
			name = SAActivityViewController;
			sourceTree = "<group>";
		};
		2258B3EA16E5B4BB00AB3DB4 /* SAProfileViewController */ = {
			isa = PBXGroup;
			children = (
				2258B3F516E5B4E800AB3DB4 /* SAProfileViewController.h */,
				2258B3F616E5B4E800AB3DB4 /* SAProfileViewController.m */,
				2258B3F716E5B4E800AB3DB4 /* SAProfileViewController.xib */,
			);
			name = SAProfileViewController;
			sourceTree = "<group>";
		};
		2258B3FA16E5B9F400AB3DB4 /* backgrounds */ = {
			isa = PBXGroup;
			children = (
				2258B3FB16E5BA0000AB3DB4 /* naviagtion_bar_bg.png */,
				2258B3FC16E5BA0000AB3DB4 /* navigation_bar_bg@2x.png */,
			);
			name = backgrounds;
			sourceTree = "<group>";
		};
/* End PBXGroup section */

/* Begin PBXNativeTarget section */
		2258B39B16E5994A00AB3DB4 /* Shrub */ = {
			isa = PBXNativeTarget;
			buildConfigurationList = 2258B3B916E5994A00AB3DB4 /* Build configuration list for PBXNativeTarget "Shrub" */;
			buildPhases = (
				2258B39816E5994A00AB3DB4 /* Sources */,
				2258B39916E5994A00AB3DB4 /* Frameworks */,
				2258B39A16E5994A00AB3DB4 /* Resources */,
			);
			buildRules = (
			);
			dependencies = (
			);
			name = Shrub;
			productName = Shrub;
			productReference = 2258B39C16E5994A00AB3DB4 /* Shrub.app */;
			productType = "com.apple.product-type.application";
		};
/* End PBXNativeTarget section */

/* Begin PBXProject section */
		2258B39416E5994A00AB3DB4 /* Project object */ = {
			isa = PBXProject;
			attributes = {
				CLASSPREFIX = SA;
				LastUpgradeCheck = 0460;
				ORGANIZATIONNAME = "Pinch Studios";
			};
			buildConfigurationList = 2258B39716E5994A00AB3DB4 /* Build configuration list for PBXProject "Shrub" */;
			compatibilityVersion = "Xcode 3.2";
			developmentRegion = English;
			hasScannedForEncodings = 0;
			knownRegions = (
				en,
			);
			mainGroup = 2258B39316E5994A00AB3DB4;
			productRefGroup = 2258B39D16E5994A00AB3DB4 /* Products */;
			projectDirPath = "";
			projectRoot = "";
			targets = (
				2258B39B16E5994A00AB3DB4 /* Shrub */,
			);
		};
/* End PBXProject section */

/* Begin PBXResourcesBuildPhase section */
		2258B39A16E5994A00AB3DB4 /* Resources */ = {
			isa = PBXResourcesBuildPhase;
			buildActionMask = 2147483647;
			files = (
				2258B3AA16E5994A00AB3DB4 /* InfoPlist.strings in Resources */,
				2258B3B216E5994A00AB3DB4 /* Default.png in Resources */,
				2258B3B416E5994A00AB3DB4 /* Default@2x.png in Resources */,
				2258B3B616E5994A00AB3DB4 /* Default-568h@2x.png in Resources */,
				2258B3D416E59F7C00AB3DB4 /* SAHomeViewController.xib in Resources */,
				2258B3E416E5B0E200AB3DB4 /* dropdown_item_bg.png in Resources */,
				2258B3E516E5B0E200AB3DB4 /* dropdown_item_bg@2x.png in Resources */,
				2258B3EF16E5B4D700AB3DB4 /* SAExploreViewController.xib in Resources */,
				2258B3F416E5B4E100AB3DB4 /* SAActivityViewController.xib in Resources */,
				2258B3F916E5B4E800AB3DB4 /* SAProfileViewController.xib in Resources */,
				2258B3FD16E5BA0000AB3DB4 /* naviagtion_bar_bg.png in Resources */,
				2258B3FE16E5BA0000AB3DB4 /* navigation_bar_bg@2x.png in Resources */,
				2233FEBF16E6DDCC005FE86A /* SARecordViewController.xib in Resources */,
			);
			runOnlyForDeploymentPostprocessing = 0;
		};
/* End PBXResourcesBuildPhase section */

/* Begin PBXSourcesBuildPhase section */
		2258B39816E5994A00AB3DB4 /* Sources */ = {
			isa = PBXSourcesBuildPhase;
			buildActionMask = 2147483647;
			files = (
				2258B3AC16E5994A00AB3DB4 /* main.m in Sources */,
				2258B3B016E5994A00AB3DB4 /* SAAppDelegate.m in Sources */,
				2258B3C516E59A0D00AB3DB4 /* SAMenuViewController.m in Sources */,
				2258B3CA16E59D8C00AB3DB4 /* SARootMenuViewController.m in Sources */,
				2258B3CE16E59DCE00AB3DB4 /* SAMenuView.m in Sources */,
				2258B3D316E59F7C00AB3DB4 /* SAHomeViewController.m in Sources */,
				2258B3D816E5A28200AB3DB4 /* SADropdownView.m in Sources */,
				2258B3DC16E5A33A00AB3DB4 /* SADropdownItem.m in Sources */,
				2258B3E116E5AF3300AB3DB4 /* UIColor+SAHelpers.m in Sources */,
				2258B3EE16E5B4D700AB3DB4 /* SAExploreViewController.m in Sources */,
				2258B3F316E5B4E100AB3DB4 /* SAActivityViewController.m in Sources */,
				2258B3F816E5B4E800AB3DB4 /* SAProfileViewController.m in Sources */,
				2233FEBE16E6DDCC005FE86A /* SARecordViewController.m in Sources */,
			);
			runOnlyForDeploymentPostprocessing = 0;
		};
/* End PBXSourcesBuildPhase section */

/* Begin PBXVariantGroup section */
		2258B3A816E5994A00AB3DB4 /* InfoPlist.strings */ = {
			isa = PBXVariantGroup;
			children = (
				2258B3A916E5994A00AB3DB4 /* en */,
			);
			name = InfoPlist.strings;
			sourceTree = "<group>";
		};
/* End PBXVariantGroup section */

/* Begin XCBuildConfiguration section */
		2258B3B716E5994A00AB3DB4 /* Debug */ = {
			isa = XCBuildConfiguration;
			buildSettings = {
				ALWAYS_SEARCH_USER_PATHS = NO;
				CLANG_CXX_LANGUAGE_STANDARD = "gnu++0x";
				CLANG_CXX_LIBRARY = "libc++";
				CLANG_ENABLE_OBJC_ARC = YES;
				CLANG_WARN_CONSTANT_CONVERSION = YES;
				CLANG_WARN_EMPTY_BODY = YES;
				CLANG_WARN_ENUM_CONVERSION = YES;
				CLANG_WARN_INT_CONVERSION = YES;
				CLANG_WARN__DUPLICATE_METHOD_MATCH = YES;
				"CODE_SIGN_IDENTITY[sdk=iphoneos*]" = "iPhone Developer";
				COPY_PHASE_STRIP = NO;
				GCC_C_LANGUAGE_STANDARD = gnu99;
				GCC_DYNAMIC_NO_PIC = NO;
				GCC_OPTIMIZATION_LEVEL = 0;
				GCC_PREPROCESSOR_DEFINITIONS = (
					"DEBUG=1",
					"$(inherited)",
				);
				GCC_SYMBOLS_PRIVATE_EXTERN = NO;
				GCC_WARN_ABOUT_RETURN_TYPE = YES;
				GCC_WARN_UNINITIALIZED_AUTOS = YES;
				GCC_WARN_UNUSED_VARIABLE = YES;
				IPHONEOS_DEPLOYMENT_TARGET = 6.1;
				ONLY_ACTIVE_ARCH = YES;
				SDKROOT = iphoneos;
			};
			name = Debug;
		};
		2258B3B816E5994A00AB3DB4 /* Release */ = {
			isa = XCBuildConfiguration;
			buildSettings = {
				ALWAYS_SEARCH_USER_PATHS = NO;
				CLANG_CXX_LANGUAGE_STANDARD = "gnu++0x";
				CLANG_CXX_LIBRARY = "libc++";
				CLANG_ENABLE_OBJC_ARC = YES;
				CLANG_WARN_CONSTANT_CONVERSION = YES;
				CLANG_WARN_EMPTY_BODY = YES;
				CLANG_WARN_ENUM_CONVERSION = YES;
				CLANG_WARN_INT_CONVERSION = YES;
				CLANG_WARN__DUPLICATE_METHOD_MATCH = YES;
				"CODE_SIGN_IDENTITY[sdk=iphoneos*]" = "iPhone Developer";
				COPY_PHASE_STRIP = YES;
				GCC_C_LANGUAGE_STANDARD = gnu99;
				GCC_WARN_ABOUT_RETURN_TYPE = YES;
				GCC_WARN_UNINITIALIZED_AUTOS = YES;
				GCC_WARN_UNUSED_VARIABLE = YES;
				IPHONEOS_DEPLOYMENT_TARGET = 6.1;
				OTHER_CFLAGS = "-DNS_BLOCK_ASSERTIONS=1";
				SDKROOT = iphoneos;
				VALIDATE_PRODUCT = YES;
			};
			name = Release;
		};
		2258B3BA16E5994A00AB3DB4 /* Debug */ = {
			isa = XCBuildConfiguration;
			buildSettings = {
				GCC_PRECOMPILE_PREFIX_HEADER = YES;
				GCC_PREFIX_HEADER = "Shrub/Shrub-Prefix.pch";
				INFOPLIST_FILE = "Shrub/Shrub-Info.plist";
				PRODUCT_NAME = "$(TARGET_NAME)";
				WRAPPER_EXTENSION = app;
			};
			name = Debug;
		};
		2258B3BB16E5994A00AB3DB4 /* Release */ = {
			isa = XCBuildConfiguration;
			buildSettings = {
				GCC_PRECOMPILE_PREFIX_HEADER = YES;
				GCC_PREFIX_HEADER = "Shrub/Shrub-Prefix.pch";
				INFOPLIST_FILE = "Shrub/Shrub-Info.plist";
				PRODUCT_NAME = "$(TARGET_NAME)";
				WRAPPER_EXTENSION = app;
			};
			name = Release;
		};
/* End XCBuildConfiguration section */

/* Begin XCConfigurationList section */
		2258B39716E5994A00AB3DB4 /* Build configuration list for PBXProject "Shrub" */ = {
			isa = XCConfigurationList;
			buildConfigurations = (
				2258B3B716E5994A00AB3DB4 /* Debug */,
				2258B3B816E5994A00AB3DB4 /* Release */,
			);
			defaultConfigurationIsVisible = 0;
			defaultConfigurationName = Release;
		};
		2258B3B916E5994A00AB3DB4 /* Build configuration list for PBXNativeTarget "Shrub" */ = {
			isa = XCConfigurationList;
			buildConfigurations = (
				2258B3BA16E5994A00AB3DB4 /* Debug */,
				2258B3BB16E5994A00AB3DB4 /* Release */,
			);
			defaultConfigurationIsVisible = 0;
			defaultConfigurationName = Release;
		};
/* End XCConfigurationList section */
	};
	rootObject = 2258B39416E5994A00AB3DB4 /* Project object */;
}
